PODS:
  - Alamofire (5.7.1)
  - iOSDropDown (0.4.0)
  - IQKeyboardManagerSwift (6.5.12)
  - lottie-ios (4.2.0)
  - SDWebImage (5.17.0):
    - SDWebImage/Core (= 5.17.0)
  - SDWebImage/Core (5.17.0)

DEPENDENCIES:
  - Alamofire
  - iOSDropDown
  - IQKeyboardManagerSwift
  - lottie-ios
  - SDWebImage

SPEC REPOS:
  https://github.com/CocoaPods/Specs.git:
    - Alamofire
    - iOSDropDown
    - IQKeyboardManagerSwift
    - lottie-ios
    - SDWebImage

SPEC CHECKSUMS:
  Alamofire: 0123a34370cb170936ae79a8df46cc62b2edeb88
  iOSDropDown: ce9daa584eaa5567cafc1b633e3cc7eb6d9cea42
  IQKeyboardManagerSwift: 371b08cb39664fb56030f5345c815a4ffc74bbc0
  lottie-ios: 809ecf2d460ed650a6aed7aa88b2ec45fab4779c
  SDWebImage: 750adf017a315a280c60fde706ab1e552a3ae4e9

PODFILE CHECKSUM: 907d419d3d89f40aabf55e7bd5bc6b22d12b61c0

COCOAPODS: 1.12.1
